
Microsoft Visual Studio Solution File, Format Version 12.00
# Visual Studio 15
VisualStudioVersion = 15.0.28307.1267
MinimumVisualStudioVersion = 10.0.40219.1
Project("{FAE04EC0-301F-11D3-BF4B-00C04F79EFBC}") = "ClientProxy-P4-016", "ClientProxy-P4-016\ClientProxy-P4-016.csproj", "{F5DA7409-AF5E-4A78-9258-8EBB5267D8CC}"
EndProject
Global
	GlobalSection(SolutionConfigurationPlatforms) = preSolution
		Debug|Any CPU = Debug|Any CPU
		Release|Any CPU = Release|Any CPU
	EndGlobalSection
	GlobalSection(ProjectConfigurationPlatforms) = postSolution
		{F5DA7409-AF5E-4A78-9258-8EBB5267D8CC}.Debug|Any CPU.ActiveCfg = Debug|Any CPU
		{F5DA7409-AF5E-4A78-9258-8EBB5267D8CC}.Debug|Any CPU.Build.0 = Debug|Any CPU
		{F5DA7409-AF5E-4A78-9258-8EBB5267D8CC}.Release|Any CPU.ActiveCfg = Release|Any CPU
		{F5DA7409-AF5E-4A78-9258-8EBB5267D8CC}.Release|Any CPU.Build.0 = Release|Any CPU
	EndGlobalSection
	GlobalSection(SolutionProperties) = preSolution
		HideSolutionNode = FALSE
	EndGlobalSection
	GlobalSection(ExtensibilityGlobals) = postSolution
		SolutionGuid = {8C22032E-1A3A-42F9-BA94-08F42BC03148}
	EndGlobalSection
EndGlobal
